
Microsoft Visual Studio Solution File, Format Version 12.00
# Visual Studio Version 16
VisualStudioVersion = 16.0.30225.117
MinimumVisualStudioVersion = 10.0.40219.1
Project("{9A19103F-16F7-4668-BE54-9A1E7A4F7556}") = "Quantity-Measurement-API", "Quantity-Measurement-API\Quantity-Measurement-API.csproj", "{A36B9C1A-D555-4639-A3FC-09D0D6A3DA65}"
EndProject
Project("{9A19103F-16F7-4668-BE54-9A1E7A4F7556}") = "CommanLayer", "CommanLayer\CommanLayer.csproj", "{DE740DDD-96B6-4197-AC62-FAD22651987D}"
EndProject
Project("{9A19103F-16F7-4668-BE54-9A1E7A4F7556}") = "BusinessLayer", "BusinessLayer\BusinessLayer.csproj", "{346A0E7E-32F6-45C0-A7AA-405283C38CD1}"
EndProject
Project("{9A19103F-16F7-4668-BE54-9A1E7A4F7556}") = "RepositoryLayer", "RepositoryLayer\RepositoryLayer.csproj", "{522245E1-A0B7-49A3-BC45-E5952DE6FA51}"
EndProject
Project("{9A19103F-16F7-4668-BE54-9A1E7A4F7556}") = "QuantityMeasurementTesting", "QuantityMeasurementTesting\QuantityMeasurementTesting.csproj", "{F88031C1-47D0-4890-891F-7A15301C6968}"
EndProject
Global
	GlobalSection(SolutionConfigurationPlatforms) = preSolution
		Debug|Any CPU = Debug|Any CPU
		Release|Any CPU = Release|Any CPU
	EndGlobalSection
	GlobalSection(ProjectConfigurationPlatforms) = postSolution
		{A36B9C1A-D555-4639-A3FC-09D0D6A3DA65}.Debug|Any CPU.ActiveCfg = Debug|Any CPU
		{A36B9C1A-D555-4639-A3FC-09D0D6A3DA65}.Debug|Any CPU.Build.0 = Debug|Any CPU
		{A36B9C1A-D555-4639-A3FC-09D0D6A3DA65}.Release|Any CPU.ActiveCfg = Release|Any CPU
		{A36B9C1A-D555-4639-A3FC-09D0D6A3DA65}.Release|Any CPU.Build.0 = Release|Any CPU
		{DE740DDD-96B6-4197-AC62-FAD22651987D}.Debug|Any CPU.ActiveCfg = Debug|Any CPU
		{DE740DDD-96B6-4197-AC62-FAD22651987D}.Debug|Any CPU.Build.0 = Debug|Any CPU
		{DE740DDD-96B6-4197-AC62-FAD22651987D}.Release|Any CPU.ActiveCfg = Release|Any CPU
		{DE740DDD-96B6-4197-AC62-FAD22651987D}.Release|Any CPU.Build.0 = Release|Any CPU
		{346A0E7E-32F6-45C0-A7AA-405283C38CD1}.Debug|Any CPU.ActiveCfg = Debug|Any CPU
		{346A0E7E-32F6-45C0-A7AA-405283C38CD1}.Debug|Any CPU.Build.0 = Debug|Any CPU
		{346A0E7E-32F6-45C0-A7AA-405283C38CD1}.Release|Any CPU.ActiveCfg = Release|Any CPU
		{346A0E7E-32F6-45C0-A7AA-405283C38CD1}.Release|Any CPU.Build.0 = Release|Any CPU
		{522245E1-A0B7-49A3-BC45-E5952DE6FA51}.Debug|Any CPU.ActiveCfg = Debug|Any CPU
		{522245E1-A0B7-49A3-BC45-E5952DE6FA51}.Debug|Any CPU.Build.0 = Debug|Any CPU
		{522245E1-A0B7-49A3-BC45-E5952DE6FA51}.Release|Any CPU.ActiveCfg = Release|Any CPU
		{522245E1-A0B7-49A3-BC45-E5952DE6FA51}.Release|Any CPU.Build.0 = Release|Any CPU
		{F88031C1-47D0-4890-891F-7A15301C6968}.Debug|Any CPU.ActiveCfg = Debug|Any CPU
		{F88031C1-47D0-4890-891F-7A15301C6968}.Debug|Any CPU.Build.0 = Debug|Any CPU
		{F88031C1-47D0-4890-891F-7A15301C6968}.Release|Any CPU.ActiveCfg = Release|Any CPU
		{F88031C1-47D0-4890-891F-7A15301C6968}.Release|Any CPU.Build.0 = Release|Any CPU
	EndGlobalSection
	GlobalSection(SolutionProperties) = preSolution
		HideSolutionNode = FALSE
	EndGlobalSection
	GlobalSection(ExtensibilityGlobals) = postSolution
		SolutionGuid = {F2671C1A-1567-4409-9EF7-F621C08210FB}
	EndGlobalSection
EndGlobal
