
Microsoft Visual Studio Solution File, Format Version 12.00
# Visual Studio Version 16
VisualStudioVersion = 16.0.30225.117
MinimumVisualStudioVersion = 10.0.40219.1
Project("{9A19103F-16F7-4668-BE54-9A1E7A4F7556}") = "BusinessLayer", "BusinessLayer.csproj", "{443A72D4-2639-4FDD-8BB9-D82960A4BA2A}"
EndProject
Global
	GlobalSection(SolutionConfigurationPlatforms) = preSolution
		Debug|Any CPU = Debug|Any CPU
		Release|Any CPU = Release|Any CPU
	EndGlobalSection
	GlobalSection(ProjectConfigurationPlatforms) = postSolution
		{443A72D4-2639-4FDD-8BB9-D82960A4BA2A}.Debug|Any CPU.ActiveCfg = Debug|Any CPU
		{443A72D4-2639-4FDD-8BB9-D82960A4BA2A}.Debug|Any CPU.Build.0 = Debug|Any CPU
		{443A72D4-2639-4FDD-8BB9-D82960A4BA2A}.Release|Any CPU.ActiveCfg = Release|Any CPU
		{443A72D4-2639-4FDD-8BB9-D82960A4BA2A}.Release|Any CPU.Build.0 = Release|Any CPU
	EndGlobalSection
	GlobalSection(SolutionProperties) = preSolution
		HideSolutionNode = FALSE
	EndGlobalSection
	GlobalSection(ExtensibilityGlobals) = postSolution
		SolutionGuid = {DE61A1F1-444D-42DB-A43A-BB8BEAD075BD}
	EndGlobalSection
EndGlobal
